
Microsoft Visual Studio Solution File, Format Version 12.00
# Visual Studio Version 17
VisualStudioVersion = 17.9.34728.123
MinimumVisualStudioVersion = 10.0.40219.1
Project("{9A19103F-16F7-4668-BE54-9A1E7A4F7556}") = "ConsoleApp1", "ConsoleApp1\ConsoleApp1.csproj", "{706AAC31-8853-41B3-8676-2B90D1E7ED50}"
EndProject
Project("{9A19103F-16F7-4668-BE54-9A1E7A4F7556}") = "Execise", "Execise\Execise.csproj", "{5DF52A17-D6C7-410A-9BBC-02A2BBC3255D}"
EndProject
Project("{9A19103F-16F7-4668-BE54-9A1E7A4F7556}") = "ConsoleApp2", "ConsoleApp2\ConsoleApp2.csproj", "{44F1EBE0-8B54-46A8-AEBD-3178E8EA6371}"
EndProject
Project("{9A19103F-16F7-4668-BE54-9A1E7A4F7556}") = "OOP", "OOP\OOP.csproj", "{AA497183-55EB-46B3-BF1C-A87EC3693439}"
EndProject
Project("{9A19103F-16F7-4668-BE54-9A1E7A4F7556}") = "PT2", "PT2\PT2.csproj", "{AC30A8D5-C088-4973-8C76-17FD2337D7EC}"
EndProject
Project("{9A19103F-16F7-4668-BE54-9A1E7A4F7556}") = "Generic", "Generic\Generic.csproj", "{A7FAF300-BD9C-4F20-A4EC-12522052950A}"
EndProject
Project("{9A19103F-16F7-4668-BE54-9A1E7A4F7556}") = "Generic-Method", "Generic-Method\Generic-Method.csproj", "{49603CAB-00FA-4BBA-B0B4-BA84A9B4EFFF}"
EndProject
Project("{9A19103F-16F7-4668-BE54-9A1E7A4F7556}") = "Interface-Generic", "Interface-Generic\Interface-Generic.csproj", "{224C9744-CEDE-47FE-B1FC-9E72ED920A6E}"
EndProject
Project("{9A19103F-16F7-4668-BE54-9A1E7A4F7556}") = "Delegate", "Delegate\Delegate.csproj", "{90A6E441-33E1-47D0-8ACE-C3C8982AFDBB}"
EndProject
Project("{9A19103F-16F7-4668-BE54-9A1E7A4F7556}") = "Multicast-Delegate", "Multicast-Delegate\Multicast-Delegate.csproj", "{7E27EE8D-DD12-46E3-8999-6234CD3AACB5}"
EndProject
Project("{FAE04EC0-301F-11D3-BF4B-00C04F79EFBC}") = "Anonimous", "Anonimous\Anonimous.csproj", "{92A7DF03-FEB4-4E71-A5E6-A26EAE702E79}"
EndProject
Project("{FAE04EC0-301F-11D3-BF4B-00C04F79EFBC}") = "Deneric_Delegate", "Deneric_Delegate\Deneric_Delegate.csproj", "{6BE2F7CF-0FEC-476C-8095-02D25822F634}"
EndProject
Project("{FAE04EC0-301F-11D3-BF4B-00C04F79EFBC}") = "Event", "Event\Event.csproj", "{1E105926-8A3B-4269-956D-680A46481F90}"
EndProject
Project("{FAE04EC0-301F-11D3-BF4B-00C04F79EFBC}") = "Linq", "Linq\Linq.csproj", "{33EE62B2-D3BE-4A61-94BD-BC8598D17CAC}"
EndProject
Global
	GlobalSection(SolutionConfigurationPlatforms) = preSolution
		Debug|Any CPU = Debug|Any CPU
		Release|Any CPU = Release|Any CPU
	EndGlobalSection
	GlobalSection(ProjectConfigurationPlatforms) = postSolution
		{706AAC31-8853-41B3-8676-2B90D1E7ED50}.Debug|Any CPU.ActiveCfg = Debug|Any CPU
		{706AAC31-8853-41B3-8676-2B90D1E7ED50}.Debug|Any CPU.Build.0 = Debug|Any CPU
		{706AAC31-8853-41B3-8676-2B90D1E7ED50}.Release|Any CPU.ActiveCfg = Release|Any CPU
		{706AAC31-8853-41B3-8676-2B90D1E7ED50}.Release|Any CPU.Build.0 = Release|Any CPU
		{5DF52A17-D6C7-410A-9BBC-02A2BBC3255D}.Debug|Any CPU.ActiveCfg = Debug|Any CPU
		{5DF52A17-D6C7-410A-9BBC-02A2BBC3255D}.Debug|Any CPU.Build.0 = Debug|Any CPU
		{5DF52A17-D6C7-410A-9BBC-02A2BBC3255D}.Release|Any CPU.ActiveCfg = Release|Any CPU
		{5DF52A17-D6C7-410A-9BBC-02A2BBC3255D}.Release|Any CPU.Build.0 = Release|Any CPU
		{44F1EBE0-8B54-46A8-AEBD-3178E8EA6371}.Debug|Any CPU.ActiveCfg = Debug|Any CPU
		{44F1EBE0-8B54-46A8-AEBD-3178E8EA6371}.Debug|Any CPU.Build.0 = Debug|Any CPU
		{44F1EBE0-8B54-46A8-AEBD-3178E8EA6371}.Release|Any CPU.ActiveCfg = Release|Any CPU
		{44F1EBE0-8B54-46A8-AEBD-3178E8EA6371}.Release|Any CPU.Build.0 = Release|Any CPU
		{AA497183-55EB-46B3-BF1C-A87EC3693439}.Debug|Any CPU.ActiveCfg = Debug|Any CPU
		{AA497183-55EB-46B3-BF1C-A87EC3693439}.Debug|Any CPU.Build.0 = Debug|Any CPU
		{AA497183-55EB-46B3-BF1C-A87EC3693439}.Release|Any CPU.ActiveCfg = Release|Any CPU
		{AA497183-55EB-46B3-BF1C-A87EC3693439}.Release|Any CPU.Build.0 = Release|Any CPU
		{AC30A8D5-C088-4973-8C76-17FD2337D7EC}.Debug|Any CPU.ActiveCfg = Debug|Any CPU
		{AC30A8D5-C088-4973-8C76-17FD2337D7EC}.Debug|Any CPU.Build.0 = Debug|Any CPU
		{AC30A8D5-C088-4973-8C76-17FD2337D7EC}.Release|Any CPU.ActiveCfg = Release|Any CPU
		{AC30A8D5-C088-4973-8C76-17FD2337D7EC}.Release|Any CPU.Build.0 = Release|Any CPU
		{A7FAF300-BD9C-4F20-A4EC-12522052950A}.Debug|Any CPU.ActiveCfg = Debug|Any CPU
		{A7FAF300-BD9C-4F20-A4EC-12522052950A}.Debug|Any CPU.Build.0 = Debug|Any CPU
		{A7FAF300-BD9C-4F20-A4EC-12522052950A}.Release|Any CPU.ActiveCfg = Release|Any CPU
		{A7FAF300-BD9C-4F20-A4EC-12522052950A}.Release|Any CPU.Build.0 = Release|Any CPU
		{49603CAB-00FA-4BBA-B0B4-BA84A9B4EFFF}.Debug|Any CPU.ActiveCfg = Debug|Any CPU
		{49603CAB-00FA-4BBA-B0B4-BA84A9B4EFFF}.Debug|Any CPU.Build.0 = Debug|Any CPU
		{49603CAB-00FA-4BBA-B0B4-BA84A9B4EFFF}.Release|Any CPU.ActiveCfg = Release|Any CPU
		{49603CAB-00FA-4BBA-B0B4-BA84A9B4EFFF}.Release|Any CPU.Build.0 = Release|Any CPU
		{224C9744-CEDE-47FE-B1FC-9E72ED920A6E}.Debug|Any CPU.ActiveCfg = Debug|Any CPU
		{224C9744-CEDE-47FE-B1FC-9E72ED920A6E}.Debug|Any CPU.Build.0 = Debug|Any CPU
		{224C9744-CEDE-47FE-B1FC-9E72ED920A6E}.Release|Any CPU.ActiveCfg = Release|Any CPU
		{224C9744-CEDE-47FE-B1FC-9E72ED920A6E}.Release|Any CPU.Build.0 = Release|Any CPU
		{90A6E441-33E1-47D0-8ACE-C3C8982AFDBB}.Debug|Any CPU.ActiveCfg = Debug|Any CPU
		{90A6E441-33E1-47D0-8ACE-C3C8982AFDBB}.Debug|Any CPU.Build.0 = Debug|Any CPU
		{90A6E441-33E1-47D0-8ACE-C3C8982AFDBB}.Release|Any CPU.ActiveCfg = Release|Any CPU
		{90A6E441-33E1-47D0-8ACE-C3C8982AFDBB}.Release|Any CPU.Build.0 = Release|Any CPU
		{7E27EE8D-DD12-46E3-8999-6234CD3AACB5}.Debug|Any CPU.ActiveCfg = Debug|Any CPU
		{7E27EE8D-DD12-46E3-8999-6234CD3AACB5}.Debug|Any CPU.Build.0 = Debug|Any CPU
		{7E27EE8D-DD12-46E3-8999-6234CD3AACB5}.Release|Any CPU.ActiveCfg = Release|Any CPU
		{7E27EE8D-DD12-46E3-8999-6234CD3AACB5}.Release|Any CPU.Build.0 = Release|Any CPU
		{92A7DF03-FEB4-4E71-A5E6-A26EAE702E79}.Debug|Any CPU.ActiveCfg = Debug|Any CPU
		{92A7DF03-FEB4-4E71-A5E6-A26EAE702E79}.Debug|Any CPU.Build.0 = Debug|Any CPU
		{92A7DF03-FEB4-4E71-A5E6-A26EAE702E79}.Release|Any CPU.ActiveCfg = Release|Any CPU
		{92A7DF03-FEB4-4E71-A5E6-A26EAE702E79}.Release|Any CPU.Build.0 = Release|Any CPU
		{6BE2F7CF-0FEC-476C-8095-02D25822F634}.Debug|Any CPU.ActiveCfg = Debug|Any CPU
		{6BE2F7CF-0FEC-476C-8095-02D25822F634}.Debug|Any CPU.Build.0 = Debug|Any CPU
		{6BE2F7CF-0FEC-476C-8095-02D25822F634}.Release|Any CPU.ActiveCfg = Release|Any CPU
		{6BE2F7CF-0FEC-476C-8095-02D25822F634}.Release|Any CPU.Build.0 = Release|Any CPU
		{1E105926-8A3B-4269-956D-680A46481F90}.Debug|Any CPU.ActiveCfg = Debug|Any CPU
		{1E105926-8A3B-4269-956D-680A46481F90}.Debug|Any CPU.Build.0 = Debug|Any CPU
		{1E105926-8A3B-4269-956D-680A46481F90}.Release|Any CPU.ActiveCfg = Release|Any CPU
		{1E105926-8A3B-4269-956D-680A46481F90}.Release|Any CPU.Build.0 = Release|Any CPU
		{33EE62B2-D3BE-4A61-94BD-BC8598D17CAC}.Debug|Any CPU.ActiveCfg = Debug|Any CPU
		{33EE62B2-D3BE-4A61-94BD-BC8598D17CAC}.Debug|Any CPU.Build.0 = Debug|Any CPU
		{33EE62B2-D3BE-4A61-94BD-BC8598D17CAC}.Release|Any CPU.ActiveCfg = Release|Any CPU
		{33EE62B2-D3BE-4A61-94BD-BC8598D17CAC}.Release|Any CPU.Build.0 = Release|Any CPU
	EndGlobalSection
	GlobalSection(SolutionProperties) = preSolution
		HideSolutionNode = FALSE
	EndGlobalSection
	GlobalSection(ExtensibilityGlobals) = postSolution
		SolutionGuid = {2AB2D581-03BC-41CD-BCFD-986840379CAD}
	EndGlobalSection
EndGlobal
